{
  "requires": true,
  "lockfileVersion": 1,
  "dependencies": {
    "vue": {
      "version": "2.6.11",
      "resolved": "https://registry.npmjs.org/vue/-/vue-2.6.11.tgz",
      "integrity": "sha512-VfPwgcGABbGAue9+sfrD4PuwFar7gPb1yl1UK1MwXoQPAw0BKSqWfoYCT/ThFrdEVWoI51dBuyCoiNU9bZDZxQ=="
    },
    "vue-drag-it-dude": {
      "version": "1.3.0",
      "resolved": "https://registry.npmjs.org/vue-drag-it-dude/-/vue-drag-it-dude-1.3.0.tgz",
      "integrity": "sha512-EagH8QKXXXircCA+XXIV5xfQXPf9AIRtm9lOGqSaInVZv5A3Ymf2xMYP6PO5HY6AfheM95514LqkalaWKI+jBQ=="
    }
  }
}
